
Microsoft Visual Studio Solution File, Format Version 12.00
# Visual Studio Version 17
VisualStudioVersion = 17.12.35707.178
MinimumVisualStudioVersion = 10.0.40219.1
Project("{2150E333-8FDC-42A3-9474-1A3956D46DE8}") = "ara3d-sdk", "ara3d-sdk", "{6B75BD88-39FC-4B6C-A700-FB9CC4918195}"
EndProject
Project("{2150E333-8FDC-42A3-9474-1A3956D46DE8}") = "wip", "wip", "{F1124938-1466-4DE8-BA38-9CC03E7B7DAC}"
EndProject
Project("{FAE04EC0-301F-11D3-BF4B-00C04F79EFBC}") = "Ara3D.IfcGeometry", "wip\IfcGeometry\Ara3D.IfcGeometry.csproj", "{73B185D2-1248-492A-97AD-71B16374C9C9}"
EndProject
Project("{2150E333-8FDC-42A3-9474-1A3956D46DE8}") = "tests", "tests", "{F4F1AF21-D1AB-4A42-A75E-E7051929EAA3}"
EndProject
Project("{FAE04EC0-301F-11D3-BF4B-00C04F79EFBC}") = "Ara3D.Utils.Dev", "tests\Ara3D.Utils.Dev\Ara3D.Utils.Dev.csproj", "{B3023794-2EF8-4B50-9634-386CDD8789A1}"
EndProject
Project("{FAE04EC0-301F-11D3-BF4B-00C04F79EFBC}") = "Ara3D.SDK.Tests", "tests\Ara3D.SDK.Tests\Ara3D.SDK.Tests.csproj", "{188A50C0-868D-48B2-949C-720713AEBEA5}"
EndProject
Project("{FAE04EC0-301F-11D3-BF4B-00C04F79EFBC}") = "Ara3D.SDK.DevTools", "tests\Ara3D.SDK.DevTools\Ara3D.SDK.DevTools.csproj", "{9A830CB3-6FB7-45EC-8870-FA41337464D1}"
EndProject
Project("{2150E333-8FDC-42A3-9474-1A3956D46DE8}") = "src", "src", "{FBB4661F-9753-4D10-B599-C1EFB4CA5EB9}"
EndProject
Project("{D954291E-2A0B-460D-934E-DC6B0785DB48}") = "Plato.Intrinsics", "src\Plato.Intrinsics\Plato.Intrinsics.shproj", "{1F13FB85-3985-48EC-83BC-5335A83A21D5}"
EndProject
Project("{FAE04EC0-301F-11D3-BF4B-00C04F79EFBC}") = "Plato.Geometry", "src\Plato.Geometry\Plato.Geometry.csproj", "{7A8B513A-88D0-4587-9F11-D7AFF22183A7}"
EndProject
Project("{FAE04EC0-301F-11D3-BF4B-00C04F79EFBC}") = "Plato.Core", "src\Plato.Core\Plato.Core.csproj", "{C0C02A8C-EC50-4EFD-BA12-385B5CD35E64}"
EndProject
Project("{FAE04EC0-301F-11D3-BF4B-00C04F79EFBC}") = "Ara3D.Utils", "src\Ara3D.Utils\Ara3D.Utils.csproj", "{90CBBFD2-56F8-4B68-9774-05D3DDE1231B}"
EndProject
Project("{FAE04EC0-301F-11D3-BF4B-00C04F79EFBC}") = "Ara3D.Studio.Data", "src\Ara3D.Studio.Data\Ara3D.Studio.Data.csproj", "{429E38C4-331B-45E6-AFD2-34A4FEA166A5}"
EndProject
Project("{FAE04EC0-301F-11D3-BF4B-00C04F79EFBC}") = "Ara3D.Studio.API", "src\Ara3D.Studio.API\Ara3D.Studio.API.csproj", "{A23B87C7-0766-41F4-A57A-8EA42357D3F3}"
EndProject
Project("{FAE04EC0-301F-11D3-BF4B-00C04F79EFBC}") = "Ara3D.Services", "src\Ara3D.Services\Ara3D.Services.csproj", "{F992FD80-21AE-49A9-A5CF-C8E1780C00AB}"
EndProject
Project("{FAE04EC0-301F-11D3-BF4B-00C04F79EFBC}") = "Ara3D.ScriptService", "src\Ara3D.ScriptService\Ara3D.ScriptService.csproj", "{0EFF27B6-163A-455E-9C55-3C15A4655FDB}"
EndProject
Project("{FAE04EC0-301F-11D3-BF4B-00C04F79EFBC}") = "Ara3D.PropKit", "src\Ara3D.PropKit\Ara3D.PropKit.csproj", "{4CA4515A-1AE9-489A-ACFC-C8D9AAE98AFB}"
EndProject
Project("{FAE04EC0-301F-11D3-BF4B-00C04F79EFBC}") = "Ara3D.NarwhalDB", "src\Ara3D.NarwhalDB\Ara3D.NarwhalDB.csproj", "{5CB5F1BE-453A-4CFF-8F22-F44176674CAE}"
EndProject
Project("{FAE04EC0-301F-11D3-BF4B-00C04F79EFBC}") = "Ara3D.Models", "src\Ara3D.Models\Ara3D.Models.csproj", "{7F7741BA-E396-4249-9CA4-80C6A89FA308}"
EndProject
Project("{FAE04EC0-301F-11D3-BF4B-00C04F79EFBC}") = "Ara3D.MemoryMappedFiles", "src\Ara3D.MemoryMappedFiles\Ara3D.MemoryMappedFiles.csproj", "{489051CE-8ED6-4936-A72B-9AE5284C9D76}"
EndProject
Project("{FAE04EC0-301F-11D3-BF4B-00C04F79EFBC}") = "Ara3D.Memory", "src\Ara3D.Memory\Ara3D.Memory.csproj", "{6D10935E-C5C4-4140-9C5A-6937E23BC83B}"
EndProject
Project("{FAE04EC0-301F-11D3-BF4B-00C04F79EFBC}") = "Ara3D.Logging", "src\Ara3D.Logging\Ara3D.Logging.csproj", "{B5D82B06-FD70-427C-A0F1-91E63BC8D8B7}"
EndProject
Project("{FAE04EC0-301F-11D3-BF4B-00C04F79EFBC}") = "Ara3D.LINQArray", "src\Ara3D.LINQArray\Ara3D.LINQArray.csproj", "{2FC0D54A-D73C-4D78-9FA2-F945F6EBA6E6}"
EndProject
Project("{FAE04EC0-301F-11D3-BF4B-00C04F79EFBC}") = "Ara3D.IO.VIM", "src\Ara3D.IO.VIM\Ara3D.IO.VIM.csproj", "{4EA8AB49-B7AC-41F0-9157-46C85DF0AC59}"
EndProject
Project("{FAE04EC0-301F-11D3-BF4B-00C04F79EFBC}") = "Ara3D.IO.StepParser", "src\Ara3D.IO.StepParser\Ara3D.IO.StepParser.csproj", "{80DBB98F-A187-40AC-9991-6F410ACB2711}"
EndProject
Project("{FAE04EC0-301F-11D3-BF4B-00C04F79EFBC}") = "Ara3D.IO.IfcParser", "src\Ara3D.IO.IfcParser\Ara3D.IO.IfcParser.csproj", "{3A731BBC-D555-44FA-B4FB-AE411CF12794}"
EndProject
Project("{FAE04EC0-301F-11D3-BF4B-00C04F79EFBC}") = "Ara3D.IO.G3D", "src\Ara3D.IO.G3D\Ara3D.IO.G3D.csproj", "{0D9D0D1F-6B58-4281-8F9E-962D1EF80F29}"
EndProject
Project("{FAE04EC0-301F-11D3-BF4B-00C04F79EFBC}") = "Ara3D.IO.BFAST", "src\Ara3D.IO.BFAST\Ara3D.IO.BFAST.csproj", "{A53C3416-D043-4F45-ACF3-9EB588CFC2FA}"
EndProject
Project("{FAE04EC0-301F-11D3-BF4B-00C04F79EFBC}") = "Ara3D.IO.A3D", "src\Ara3D.IO.A3D\Ara3D.IO.A3D.csproj", "{A418A3EE-4D68-4A0C-BE29-3C5A8902CD9C}"
EndProject
Project("{FAE04EC0-301F-11D3-BF4B-00C04F79EFBC}") = "Ara3D.Domo", "src\Ara3D.Domo\Ara3D.Domo.csproj", "{D67B99E4-ED4D-48AB-BC08-B331E523930B}"
EndProject
Project("{FAE04EC0-301F-11D3-BF4B-00C04F79EFBC}") = "Ara3D.DataTable", "src\Ara3D.DataTable\Ara3D.DataTable.csproj", "{CE7B6547-251D-44DD-A5A4-C191CDFD7FF8}"
EndProject
Project("{FAE04EC0-301F-11D3-BF4B-00C04F79EFBC}") = "Ara3D.Collections", "src\Ara3D.Collections\Ara3D.Collections.csproj", "{A88856DE-BFBB-4D0E-8A2C-E6A268865EC3}"
EndProject
Project("{FAE04EC0-301F-11D3-BF4B-00C04F79EFBC}") = "plato-src", "plato\plato-src.csproj", "{0BA87391-52F2-45A4-805B-5ACE78BEF66E}"
EndProject
Project("{2150E333-8FDC-42A3-9474-1A3956D46DE8}") = "examples", "examples", "{AC19DFB6-CDE9-4C8D-A9A3-451D8E44F532}"
EndProject
Project("{FAE04EC0-301F-11D3-BF4B-00C04F79EFBC}") = "Ara3D.Studio.Samples", "examples\Ara3D.Studio.Examples\Ara3D.Studio.Samples.csproj", "{FF224D62-CD82-4053-90CC-98C6C498BF3F}"
EndProject
Project("{2150E333-8FDC-42A3-9474-1A3956D46DE8}") = "deprecated", "deprecated", "{82527EBB-68CA-4B62-86AA-F109EFCE2BB3}"
EndProject
Project("{FAE04EC0-301F-11D3-BF4B-00C04F79EFBC}") = "Ara3D.Geometry", "deprecated\Ara3D.Geometry\Ara3D.Geometry.csproj", "{A75D8630-712D-4EA9-8E5D-684528739787}"
EndProject
Project("{FAE04EC0-301F-11D3-BF4B-00C04F79EFBC}") = "Ara3D.IfcLoader", "wip\Ara3D.IfcLoader\Ara3D.IfcLoader.csproj", "{DD444E69-B8BE-408A-A08E-E01E16A6E8D9}"
EndProject
Project("{FAE04EC0-301F-11D3-BF4B-00C04F79EFBC}") = "Ara3D.Utils.Roslyn", "src\Ara3D.Utils.Roslyn\Ara3D.Utils.Roslyn.csproj", "{1EC5A8AA-0DBB-4D97-8DF7-C26A4ECBDBC5}"
EndProject
Global
	GlobalSection(SolutionConfigurationPlatforms) = preSolution
		Debug|Any CPU = Debug|Any CPU
		Release|Any CPU = Release|Any CPU
	EndGlobalSection
	GlobalSection(ProjectConfigurationPlatforms) = postSolution
		{73B185D2-1248-492A-97AD-71B16374C9C9}.Debug|Any CPU.ActiveCfg = Debug|Any CPU
		{73B185D2-1248-492A-97AD-71B16374C9C9}.Debug|Any CPU.Build.0 = Debug|Any CPU
		{73B185D2-1248-492A-97AD-71B16374C9C9}.Release|Any CPU.ActiveCfg = Release|Any CPU
		{73B185D2-1248-492A-97AD-71B16374C9C9}.Release|Any CPU.Build.0 = Release|Any CPU
		{B3023794-2EF8-4B50-9634-386CDD8789A1}.Debug|Any CPU.ActiveCfg = Debug|Any CPU
		{B3023794-2EF8-4B50-9634-386CDD8789A1}.Debug|Any CPU.Build.0 = Debug|Any CPU
		{B3023794-2EF8-4B50-9634-386CDD8789A1}.Release|Any CPU.ActiveCfg = Release|Any CPU
		{B3023794-2EF8-4B50-9634-386CDD8789A1}.Release|Any CPU.Build.0 = Release|Any CPU
		{188A50C0-868D-48B2-949C-720713AEBEA5}.Debug|Any CPU.ActiveCfg = Debug|Any CPU
		{188A50C0-868D-48B2-949C-720713AEBEA5}.Debug|Any CPU.Build.0 = Debug|Any CPU
		{188A50C0-868D-48B2-949C-720713AEBEA5}.Release|Any CPU.ActiveCfg = Release|Any CPU
		{188A50C0-868D-48B2-949C-720713AEBEA5}.Release|Any CPU.Build.0 = Release|Any CPU
		{9A830CB3-6FB7-45EC-8870-FA41337464D1}.Debug|Any CPU.ActiveCfg = Debug|Any CPU
		{9A830CB3-6FB7-45EC-8870-FA41337464D1}.Debug|Any CPU.Build.0 = Debug|Any CPU
		{9A830CB3-6FB7-45EC-8870-FA41337464D1}.Release|Any CPU.ActiveCfg = Release|Any CPU
		{9A830CB3-6FB7-45EC-8870-FA41337464D1}.Release|Any CPU.Build.0 = Release|Any CPU
		{7A8B513A-88D0-4587-9F11-D7AFF22183A7}.Debug|Any CPU.ActiveCfg = Debug|Any CPU
		{7A8B513A-88D0-4587-9F11-D7AFF22183A7}.Debug|Any CPU.Build.0 = Debug|Any CPU
		{7A8B513A-88D0-4587-9F11-D7AFF22183A7}.Release|Any CPU.ActiveCfg = Release|Any CPU
		{7A8B513A-88D0-4587-9F11-D7AFF22183A7}.Release|Any CPU.Build.0 = Release|Any CPU
		{C0C02A8C-EC50-4EFD-BA12-385B5CD35E64}.Debug|Any CPU.ActiveCfg = Debug|Any CPU
		{C0C02A8C-EC50-4EFD-BA12-385B5CD35E64}.Debug|Any CPU.Build.0 = Debug|Any CPU
		{C0C02A8C-EC50-4EFD-BA12-385B5CD35E64}.Release|Any CPU.ActiveCfg = Release|Any CPU
		{C0C02A8C-EC50-4EFD-BA12-385B5CD35E64}.Release|Any CPU.Build.0 = Release|Any CPU
		{90CBBFD2-56F8-4B68-9774-05D3DDE1231B}.Debug|Any CPU.ActiveCfg = Debug|Any CPU
		{90CBBFD2-56F8-4B68-9774-05D3DDE1231B}.Debug|Any CPU.Build.0 = Debug|Any CPU
		{90CBBFD2-56F8-4B68-9774-05D3DDE1231B}.Release|Any CPU.ActiveCfg = Release|Any CPU
		{90CBBFD2-56F8-4B68-9774-05D3DDE1231B}.Release|Any CPU.Build.0 = Release|Any CPU
		{429E38C4-331B-45E6-AFD2-34A4FEA166A5}.Debug|Any CPU.ActiveCfg = Debug|Any CPU
		{429E38C4-331B-45E6-AFD2-34A4FEA166A5}.Debug|Any CPU.Build.0 = Debug|Any CPU
		{429E38C4-331B-45E6-AFD2-34A4FEA166A5}.Release|Any CPU.ActiveCfg = Release|Any CPU
		{429E38C4-331B-45E6-AFD2-34A4FEA166A5}.Release|Any CPU.Build.0 = Release|Any CPU
		{A23B87C7-0766-41F4-A57A-8EA42357D3F3}.Debug|Any CPU.ActiveCfg = Debug|Any CPU
		{A23B87C7-0766-41F4-A57A-8EA42357D3F3}.Debug|Any CPU.Build.0 = Debug|Any CPU
		{A23B87C7-0766-41F4-A57A-8EA42357D3F3}.Release|Any CPU.ActiveCfg = Release|Any CPU
		{A23B87C7-0766-41F4-A57A-8EA42357D3F3}.Release|Any CPU.Build.0 = Release|Any CPU
		{F992FD80-21AE-49A9-A5CF-C8E1780C00AB}.Debug|Any CPU.ActiveCfg = Debug|Any CPU
		{F992FD80-21AE-49A9-A5CF-C8E1780C00AB}.Debug|Any CPU.Build.0 = Debug|Any CPU
		{F992FD80-21AE-49A9-A5CF-C8E1780C00AB}.Release|Any CPU.ActiveCfg = Release|Any CPU
		{F992FD80-21AE-49A9-A5CF-C8E1780C00AB}.Release|Any CPU.Build.0 = Release|Any CPU
		{0EFF27B6-163A-455E-9C55-3C15A4655FDB}.Debug|Any CPU.ActiveCfg = Debug|Any CPU
		{0EFF27B6-163A-455E-9C55-3C15A4655FDB}.Debug|Any CPU.Build.0 = Debug|Any CPU
		{0EFF27B6-163A-455E-9C55-3C15A4655FDB}.Release|Any CPU.ActiveCfg = Release|Any CPU
		{0EFF27B6-163A-455E-9C55-3C15A4655FDB}.Release|Any CPU.Build.0 = Release|Any CPU
		{4CA4515A-1AE9-489A-ACFC-C8D9AAE98AFB}.Debug|Any CPU.ActiveCfg = Debug|Any CPU
		{4CA4515A-1AE9-489A-ACFC-C8D9AAE98AFB}.Debug|Any CPU.Build.0 = Debug|Any CPU
		{4CA4515A-1AE9-489A-ACFC-C8D9AAE98AFB}.Release|Any CPU.ActiveCfg = Release|Any CPU
		{4CA4515A-1AE9-489A-ACFC-C8D9AAE98AFB}.Release|Any CPU.Build.0 = Release|Any CPU
		{5CB5F1BE-453A-4CFF-8F22-F44176674CAE}.Debug|Any CPU.ActiveCfg = Debug|Any CPU
		{5CB5F1BE-453A-4CFF-8F22-F44176674CAE}.Debug|Any CPU.Build.0 = Debug|Any CPU
		{5CB5F1BE-453A-4CFF-8F22-F44176674CAE}.Release|Any CPU.ActiveCfg = Release|Any CPU
		{5CB5F1BE-453A-4CFF-8F22-F44176674CAE}.Release|Any CPU.Build.0 = Release|Any CPU
		{7F7741BA-E396-4249-9CA4-80C6A89FA308}.Debug|Any CPU.ActiveCfg = Debug|Any CPU
		{7F7741BA-E396-4249-9CA4-80C6A89FA308}.Debug|Any CPU.Build.0 = Debug|Any CPU
		{7F7741BA-E396-4249-9CA4-80C6A89FA308}.Release|Any CPU.ActiveCfg = Release|Any CPU
		{7F7741BA-E396-4249-9CA4-80C6A89FA308}.Release|Any CPU.Build.0 = Release|Any CPU
		{489051CE-8ED6-4936-A72B-9AE5284C9D76}.Debug|Any CPU.ActiveCfg = Debug|Any CPU
		{489051CE-8ED6-4936-A72B-9AE5284C9D76}.Debug|Any CPU.Build.0 = Debug|Any CPU
		{489051CE-8ED6-4936-A72B-9AE5284C9D76}.Release|Any CPU.ActiveCfg = Release|Any CPU
		{489051CE-8ED6-4936-A72B-9AE5284C9D76}.Release|Any CPU.Build.0 = Release|Any CPU
		{6D10935E-C5C4-4140-9C5A-6937E23BC83B}.Debug|Any CPU.ActiveCfg = Debug|Any CPU
		{6D10935E-C5C4-4140-9C5A-6937E23BC83B}.Debug|Any CPU.Build.0 = Debug|Any CPU
		{6D10935E-C5C4-4140-9C5A-6937E23BC83B}.Release|Any CPU.ActiveCfg = Release|Any CPU
		{6D10935E-C5C4-4140-9C5A-6937E23BC83B}.Release|Any CPU.Build.0 = Release|Any CPU
		{B5D82B06-FD70-427C-A0F1-91E63BC8D8B7}.Debug|Any CPU.ActiveCfg = Debug|Any CPU
		{B5D82B06-FD70-427C-A0F1-91E63BC8D8B7}.Debug|Any CPU.Build.0 = Debug|Any CPU
		{B5D82B06-FD70-427C-A0F1-91E63BC8D8B7}.Release|Any CPU.ActiveCfg = Release|Any CPU
		{B5D82B06-FD70-427C-A0F1-91E63BC8D8B7}.Release|Any CPU.Build.0 = Release|Any CPU
		{2FC0D54A-D73C-4D78-9FA2-F945F6EBA6E6}.Debug|Any CPU.ActiveCfg = Debug|Any CPU
		{2FC0D54A-D73C-4D78-9FA2-F945F6EBA6E6}.Debug|Any CPU.Build.0 = Debug|Any CPU
		{2FC0D54A-D73C-4D78-9FA2-F945F6EBA6E6}.Release|Any CPU.ActiveCfg = Release|Any CPU
		{2FC0D54A-D73C-4D78-9FA2-F945F6EBA6E6}.Release|Any CPU.Build.0 = Release|Any CPU
		{4EA8AB49-B7AC-41F0-9157-46C85DF0AC59}.Debug|Any CPU.ActiveCfg = Debug|Any CPU
		{4EA8AB49-B7AC-41F0-9157-46C85DF0AC59}.Debug|Any CPU.Build.0 = Debug|Any CPU
		{4EA8AB49-B7AC-41F0-9157-46C85DF0AC59}.Release|Any CPU.ActiveCfg = Release|Any CPU
		{4EA8AB49-B7AC-41F0-9157-46C85DF0AC59}.Release|Any CPU.Build.0 = Release|Any CPU
		{80DBB98F-A187-40AC-9991-6F410ACB2711}.Debug|Any CPU.ActiveCfg = Debug|Any CPU
		{80DBB98F-A187-40AC-9991-6F410ACB2711}.Debug|Any CPU.Build.0 = Debug|Any CPU
		{80DBB98F-A187-40AC-9991-6F410ACB2711}.Release|Any CPU.ActiveCfg = Release|Any CPU
		{80DBB98F-A187-40AC-9991-6F410ACB2711}.Release|Any CPU.Build.0 = Release|Any CPU
		{3A731BBC-D555-44FA-B4FB-AE411CF12794}.Debug|Any CPU.ActiveCfg = Debug|Any CPU
		{3A731BBC-D555-44FA-B4FB-AE411CF12794}.Debug|Any CPU.Build.0 = Debug|Any CPU
		{3A731BBC-D555-44FA-B4FB-AE411CF12794}.Release|Any CPU.ActiveCfg = Release|Any CPU
		{3A731BBC-D555-44FA-B4FB-AE411CF12794}.Release|Any CPU.Build.0 = Release|Any CPU
		{0D9D0D1F-6B58-4281-8F9E-962D1EF80F29}.Debug|Any CPU.ActiveCfg = Debug|Any CPU
		{0D9D0D1F-6B58-4281-8F9E-962D1EF80F29}.Debug|Any CPU.Build.0 = Debug|Any CPU
		{0D9D0D1F-6B58-4281-8F9E-962D1EF80F29}.Release|Any CPU.ActiveCfg = Release|Any CPU
		{0D9D0D1F-6B58-4281-8F9E-962D1EF80F29}.Release|Any CPU.Build.0 = Release|Any CPU
		{A53C3416-D043-4F45-ACF3-9EB588CFC2FA}.Debug|Any CPU.ActiveCfg = Debug|Any CPU
		{A53C3416-D043-4F45-ACF3-9EB588CFC2FA}.Debug|Any CPU.Build.0 = Debug|Any CPU
		{A53C3416-D043-4F45-ACF3-9EB588CFC2FA}.Release|Any CPU.ActiveCfg = Release|Any CPU
		{A53C3416-D043-4F45-ACF3-9EB588CFC2FA}.Release|Any CPU.Build.0 = Release|Any CPU
		{A418A3EE-4D68-4A0C-BE29-3C5A8902CD9C}.Debug|Any CPU.ActiveCfg = Debug|Any CPU
		{A418A3EE-4D68-4A0C-BE29-3C5A8902CD9C}.Debug|Any CPU.Build.0 = Debug|Any CPU
		{A418A3EE-4D68-4A0C-BE29-3C5A8902CD9C}.Release|Any CPU.ActiveCfg = Release|Any CPU
		{A418A3EE-4D68-4A0C-BE29-3C5A8902CD9C}.Release|Any CPU.Build.0 = Release|Any CPU
		{D67B99E4-ED4D-48AB-BC08-B331E523930B}.Debug|Any CPU.ActiveCfg = Debug|Any CPU
		{D67B99E4-ED4D-48AB-BC08-B331E523930B}.Debug|Any CPU.Build.0 = Debug|Any CPU
		{D67B99E4-ED4D-48AB-BC08-B331E523930B}.Release|Any CPU.ActiveCfg = Release|Any CPU
		{D67B99E4-ED4D-48AB-BC08-B331E523930B}.Release|Any CPU.Build.0 = Release|Any CPU
		{CE7B6547-251D-44DD-A5A4-C191CDFD7FF8}.Debug|Any CPU.ActiveCfg = Debug|Any CPU
		{CE7B6547-251D-44DD-A5A4-C191CDFD7FF8}.Debug|Any CPU.Build.0 = Debug|Any CPU
		{CE7B6547-251D-44DD-A5A4-C191CDFD7FF8}.Release|Any CPU.ActiveCfg = Release|Any CPU
		{CE7B6547-251D-44DD-A5A4-C191CDFD7FF8}.Release|Any CPU.Build.0 = Release|Any CPU
		{A88856DE-BFBB-4D0E-8A2C-E6A268865EC3}.Debug|Any CPU.ActiveCfg = Debug|Any CPU
		{A88856DE-BFBB-4D0E-8A2C-E6A268865EC3}.Debug|Any CPU.Build.0 = Debug|Any CPU
		{A88856DE-BFBB-4D0E-8A2C-E6A268865EC3}.Release|Any CPU.ActiveCfg = Release|Any CPU
		{A88856DE-BFBB-4D0E-8A2C-E6A268865EC3}.Release|Any CPU.Build.0 = Release|Any CPU
		{0BA87391-52F2-45A4-805B-5ACE78BEF66E}.Debug|Any CPU.ActiveCfg = Debug|Any CPU
		{0BA87391-52F2-45A4-805B-5ACE78BEF66E}.Debug|Any CPU.Build.0 = Debug|Any CPU
		{0BA87391-52F2-45A4-805B-5ACE78BEF66E}.Release|Any CPU.ActiveCfg = Release|Any CPU
		{0BA87391-52F2-45A4-805B-5ACE78BEF66E}.Release|Any CPU.Build.0 = Release|Any CPU
		{FF224D62-CD82-4053-90CC-98C6C498BF3F}.Debug|Any CPU.ActiveCfg = Debug|Any CPU
		{FF224D62-CD82-4053-90CC-98C6C498BF3F}.Debug|Any CPU.Build.0 = Debug|Any CPU
		{FF224D62-CD82-4053-90CC-98C6C498BF3F}.Release|Any CPU.ActiveCfg = Release|Any CPU
		{FF224D62-CD82-4053-90CC-98C6C498BF3F}.Release|Any CPU.Build.0 = Release|Any CPU
		{A75D8630-712D-4EA9-8E5D-684528739787}.Debug|Any CPU.ActiveCfg = Debug|Any CPU
		{A75D8630-712D-4EA9-8E5D-684528739787}.Debug|Any CPU.Build.0 = Debug|Any CPU
		{A75D8630-712D-4EA9-8E5D-684528739787}.Release|Any CPU.ActiveCfg = Release|Any CPU
		{A75D8630-712D-4EA9-8E5D-684528739787}.Release|Any CPU.Build.0 = Release|Any CPU
		{DD444E69-B8BE-408A-A08E-E01E16A6E8D9}.Debug|Any CPU.ActiveCfg = Debug|Any CPU
		{DD444E69-B8BE-408A-A08E-E01E16A6E8D9}.Debug|Any CPU.Build.0 = Debug|Any CPU
		{DD444E69-B8BE-408A-A08E-E01E16A6E8D9}.Release|Any CPU.ActiveCfg = Release|Any CPU
		{DD444E69-B8BE-408A-A08E-E01E16A6E8D9}.Release|Any CPU.Build.0 = Release|Any CPU
		{1EC5A8AA-0DBB-4D97-8DF7-C26A4ECBDBC5}.Debug|Any CPU.ActiveCfg = Debug|Any CPU
		{1EC5A8AA-0DBB-4D97-8DF7-C26A4ECBDBC5}.Debug|Any CPU.Build.0 = Debug|Any CPU
		{1EC5A8AA-0DBB-4D97-8DF7-C26A4ECBDBC5}.Release|Any CPU.ActiveCfg = Release|Any CPU
		{1EC5A8AA-0DBB-4D97-8DF7-C26A4ECBDBC5}.Release|Any CPU.Build.0 = Release|Any CPU
	EndGlobalSection
	GlobalSection(SolutionProperties) = preSolution
		HideSolutionNode = FALSE
	EndGlobalSection
	GlobalSection(NestedProjects) = preSolution
		{F1124938-1466-4DE8-BA38-9CC03E7B7DAC} = {6B75BD88-39FC-4B6C-A700-FB9CC4918195}
		{73B185D2-1248-492A-97AD-71B16374C9C9} = {F1124938-1466-4DE8-BA38-9CC03E7B7DAC}
		{F4F1AF21-D1AB-4A42-A75E-E7051929EAA3} = {6B75BD88-39FC-4B6C-A700-FB9CC4918195}
		{B3023794-2EF8-4B50-9634-386CDD8789A1} = {F4F1AF21-D1AB-4A42-A75E-E7051929EAA3}
		{188A50C0-868D-48B2-949C-720713AEBEA5} = {F4F1AF21-D1AB-4A42-A75E-E7051929EAA3}
		{9A830CB3-6FB7-45EC-8870-FA41337464D1} = {F4F1AF21-D1AB-4A42-A75E-E7051929EAA3}
		{FBB4661F-9753-4D10-B599-C1EFB4CA5EB9} = {6B75BD88-39FC-4B6C-A700-FB9CC4918195}
		{1F13FB85-3985-48EC-83BC-5335A83A21D5} = {FBB4661F-9753-4D10-B599-C1EFB4CA5EB9}
		{7A8B513A-88D0-4587-9F11-D7AFF22183A7} = {FBB4661F-9753-4D10-B599-C1EFB4CA5EB9}
		{C0C02A8C-EC50-4EFD-BA12-385B5CD35E64} = {FBB4661F-9753-4D10-B599-C1EFB4CA5EB9}
		{90CBBFD2-56F8-4B68-9774-05D3DDE1231B} = {FBB4661F-9753-4D10-B599-C1EFB4CA5EB9}
		{429E38C4-331B-45E6-AFD2-34A4FEA166A5} = {FBB4661F-9753-4D10-B599-C1EFB4CA5EB9}
		{A23B87C7-0766-41F4-A57A-8EA42357D3F3} = {FBB4661F-9753-4D10-B599-C1EFB4CA5EB9}
		{F992FD80-21AE-49A9-A5CF-C8E1780C00AB} = {FBB4661F-9753-4D10-B599-C1EFB4CA5EB9}
		{0EFF27B6-163A-455E-9C55-3C15A4655FDB} = {FBB4661F-9753-4D10-B599-C1EFB4CA5EB9}
		{4CA4515A-1AE9-489A-ACFC-C8D9AAE98AFB} = {FBB4661F-9753-4D10-B599-C1EFB4CA5EB9}
		{5CB5F1BE-453A-4CFF-8F22-F44176674CAE} = {FBB4661F-9753-4D10-B599-C1EFB4CA5EB9}
		{7F7741BA-E396-4249-9CA4-80C6A89FA308} = {FBB4661F-9753-4D10-B599-C1EFB4CA5EB9}
		{489051CE-8ED6-4936-A72B-9AE5284C9D76} = {FBB4661F-9753-4D10-B599-C1EFB4CA5EB9}
		{6D10935E-C5C4-4140-9C5A-6937E23BC83B} = {FBB4661F-9753-4D10-B599-C1EFB4CA5EB9}
		{B5D82B06-FD70-427C-A0F1-91E63BC8D8B7} = {FBB4661F-9753-4D10-B599-C1EFB4CA5EB9}
		{2FC0D54A-D73C-4D78-9FA2-F945F6EBA6E6} = {FBB4661F-9753-4D10-B599-C1EFB4CA5EB9}
		{4EA8AB49-B7AC-41F0-9157-46C85DF0AC59} = {FBB4661F-9753-4D10-B599-C1EFB4CA5EB9}
		{80DBB98F-A187-40AC-9991-6F410ACB2711} = {FBB4661F-9753-4D10-B599-C1EFB4CA5EB9}
		{3A731BBC-D555-44FA-B4FB-AE411CF12794} = {FBB4661F-9753-4D10-B599-C1EFB4CA5EB9}
		{0D9D0D1F-6B58-4281-8F9E-962D1EF80F29} = {FBB4661F-9753-4D10-B599-C1EFB4CA5EB9}
		{A53C3416-D043-4F45-ACF3-9EB588CFC2FA} = {FBB4661F-9753-4D10-B599-C1EFB4CA5EB9}
		{A418A3EE-4D68-4A0C-BE29-3C5A8902CD9C} = {FBB4661F-9753-4D10-B599-C1EFB4CA5EB9}
		{D67B99E4-ED4D-48AB-BC08-B331E523930B} = {FBB4661F-9753-4D10-B599-C1EFB4CA5EB9}
		{CE7B6547-251D-44DD-A5A4-C191CDFD7FF8} = {FBB4661F-9753-4D10-B599-C1EFB4CA5EB9}
		{A88856DE-BFBB-4D0E-8A2C-E6A268865EC3} = {FBB4661F-9753-4D10-B599-C1EFB4CA5EB9}
		{0BA87391-52F2-45A4-805B-5ACE78BEF66E} = {6B75BD88-39FC-4B6C-A700-FB9CC4918195}
		{AC19DFB6-CDE9-4C8D-A9A3-451D8E44F532} = {6B75BD88-39FC-4B6C-A700-FB9CC4918195}
		{FF224D62-CD82-4053-90CC-98C6C498BF3F} = {AC19DFB6-CDE9-4C8D-A9A3-451D8E44F532}
		{82527EBB-68CA-4B62-86AA-F109EFCE2BB3} = {6B75BD88-39FC-4B6C-A700-FB9CC4918195}
		{A75D8630-712D-4EA9-8E5D-684528739787} = {82527EBB-68CA-4B62-86AA-F109EFCE2BB3}
		{DD444E69-B8BE-408A-A08E-E01E16A6E8D9} = {F1124938-1466-4DE8-BA38-9CC03E7B7DAC}
		{1EC5A8AA-0DBB-4D97-8DF7-C26A4ECBDBC5} = {FBB4661F-9753-4D10-B599-C1EFB4CA5EB9}
	EndGlobalSection
	GlobalSection(SharedMSBuildProjectFiles) = preSolution
		src\Plato.Intrinsics\Plato.Intrinsics.projitems*{1f13fb85-3985-48ec-83bc-5335a83a21d5}*SharedItemsImports = 13
		src\Plato.Intrinsics\Plato.Intrinsics.projitems*{c0c02a8c-ec50-4efd-ba12-385b5cd35e64}*SharedItemsImports = 5
	EndGlobalSection
EndGlobal
