
Microsoft Visual Studio Solution File, Format Version 12.00
# Visual Studio Version 17
VisualStudioVersion = 17.12.35707.178
MinimumVisualStudioVersion = 10.0.40219.1
Project("{2150E333-8FDC-42A3-9474-1A3956D46DE8}") = "ara3d-sdk", "ara3d-sdk", "{6F8BA463-7C7E-43FF-9B29-972780ACA32B}"
EndProject
Project("{2150E333-8FDC-42A3-9474-1A3956D46DE8}") = "wip", "wip", "{20B8C211-5E59-496D-84D4-C59994828A7D}"
EndProject
Project("{FAE04EC0-301F-11D3-BF4B-00C04F79EFBC}") = "Ara3D.IfcGeometry", "wip\IfcGeometry\Ara3D.IfcGeometry.csproj", "{D0B232EA-0A66-45A0-B63A-B14F8EB31C87}"
EndProject
Project("{2150E333-8FDC-42A3-9474-1A3956D46DE8}") = "studio", "studio", "{2FD60755-FEC2-4087-8EEC-0141CBB28AFD}"
EndProject
Project("{FAE04EC0-301F-11D3-BF4B-00C04F79EFBC}") = "Ara3D.Studio.Data", "studio\Ara3D.DataFormat\Ara3D.Studio.Data.csproj", "{03DFB475-DA29-4490-9FA4-4579222C8399}"
EndProject
Project("{FAE04EC0-301F-11D3-BF4B-00C04F79EFBC}") = "plato-src", "plato\plato-src.csproj", "{91FF1E2E-D174-4039-B893-0B0CA0BE6EF6}"
EndProject
Project("{2150E333-8FDC-42A3-9474-1A3956D46DE8}") = "extra", "extra", "{11E76529-B973-4F32-A2E2-F63DD9B22417}"
EndProject
Project("{FAE04EC0-301F-11D3-BF4B-00C04F79EFBC}") = "Ara3D.Utils.Wpf", "extra\Wpf\Ara3D.Utils.Wpf.csproj", "{920F63D2-51B9-47A4-8E9B-5E72F729A08D}"
EndProject
Project("{FAE04EC0-301F-11D3-BF4B-00C04F79EFBC}") = "Ara3D.Utils.Win32", "extra\Win32\Ara3D.Utils.Win32.csproj", "{ADC485AE-2D40-42AD-AC6D-65A00BB32DFE}"
EndProject
Project("{FAE04EC0-301F-11D3-BF4B-00C04F79EFBC}") = "Ara3D.Utils.Dev", "extra\Dev\Ara3D.Utils.Dev.csproj", "{907293BF-2A0D-4617-9A69-2551C82094EB}"
EndProject
Project("{2150E333-8FDC-42A3-9474-1A3956D46DE8}") = "core", "core", "{A4454430-9900-4AA3-8A48-C4C48FF5A648}"
EndProject
Project("{FAE04EC0-301F-11D3-BF4B-00C04F79EFBC}") = "Ara3D.Utils", "core\Utils\Ara3D.Utils.csproj", "{FD2F2B69-4BBA-4BB9-AF12-9C29AD6FC07D}"
EndProject
Project("{FAE04EC0-301F-11D3-BF4B-00C04F79EFBC}") = "Ara3D.Services", "core\Services\Ara3D.Services.csproj", "{35614498-4E54-42E4-B72F-B4ACBE4E6056}"
EndProject
Project("{2150E333-8FDC-42A3-9474-1A3956D46DE8}") = "Scripting", "Scripting", "{93059313-3FF2-4EDB-A9B3-6144912D66EB}"
EndProject
Project("{FAE04EC0-301F-11D3-BF4B-00C04F79EFBC}") = "Ara3D.Utils.Roslyn", "core\Scripting\RoslynUtils\Ara3D.Utils.Roslyn.csproj", "{5B33B7B8-47A1-4C02-979B-B8C0A624F12B}"
EndProject
Project("{FAE04EC0-301F-11D3-BF4B-00C04F79EFBC}") = "Ara3D.Scene", "core\Scene\Ara3D.Scene.csproj", "{D40F4487-106F-4A3A-A649-F0C0899FBE9E}"
EndProject
Project("{FAE04EC0-301F-11D3-BF4B-00C04F79EFBC}") = "Ara3D.NarwhalDB", "core\NarwhalDB\Ara3D.NarwhalDB.csproj", "{D266A398-8D26-4E28-BC61-E458C2FEC4BA}"
EndProject
Project("{2150E333-8FDC-42A3-9474-1A3956D46DE8}") = "Mathematics", "Mathematics", "{9F929968-009E-49AB-BAE9-203BCFC565A3}"
EndProject
Project("{D954291E-2A0B-460D-934E-DC6B0785DB48}") = "Plato.Intrinsics", "core\Mathematics\Intrinsics\Plato.Intrinsics.shproj", "{1F13FB85-3985-48EC-83BC-5335A83A21D5}"
EndProject
Project("{FAE04EC0-301F-11D3-BF4B-00C04F79EFBC}") = "Plato.Core", "core\Mathematics\Core\Plato.Core.csproj", "{5E3B2A42-5BA5-4C01-B837-C39FEEDF57BD}"
EndProject
Project("{FAE04EC0-301F-11D3-BF4B-00C04F79EFBC}") = "Ara3D.Logging", "core\Logging\Ara3D.Logging.csproj", "{9607C455-10DE-4151-887B-95552DA6662F}"
EndProject
Project("{2150E333-8FDC-42A3-9474-1A3956D46DE8}") = "IO", "IO", "{D7DAD3D7-2A9C-43D3-BA2E-5099FC3136D1}"
EndProject
Project("{FAE04EC0-301F-11D3-BF4B-00C04F79EFBC}") = "Ara3D.StepParser", "core\IO\StepParser\Ara3D.StepParser.csproj", "{1CDE3695-4B5B-40D6-911A-0169383DD4D5}"
EndProject
Project("{FAE04EC0-301F-11D3-BF4B-00C04F79EFBC}") = "Ara3D.IfcParser", "core\IO\IfcParser\Ara3D.IfcParser.csproj", "{7D4F9423-F577-400C-A0B5-CF03E8BCC3A5}"
EndProject
Project("{FAE04EC0-301F-11D3-BF4B-00C04F79EFBC}") = "Ara3D.Domo", "core\Domo\Ara3D.Domo.csproj", "{B1EDBF31-92F9-43D4-BCF3-4085ACFE5E33}"
EndProject
Project("{FAE04EC0-301F-11D3-BF4B-00C04F79EFBC}") = "Ara3D.Collections", "core\Collections\Ara3D.Collections.csproj", "{E107A3E5-7BE8-4FB9-A8BF-68E0A9A52152}"
EndProject
Project("{FAE04EC0-301F-11D3-BF4B-00C04F79EFBC}") = "Ara3D.Buffers", "core\Buffers\Ara3D.Buffers.csproj", "{56C09C1A-8FF7-48DF-AA9D-0C05D6F89FF0}"
EndProject
Project("{FAE04EC0-301F-11D3-BF4B-00C04F79EFBC}") = "Ara3D.BFAST", "core\IO\BFAST\Ara3D.BFAST.csproj", "{593FF565-7F27-48A1-B0FF-C11F9B130B99}"
EndProject
Project("{FAE04EC0-301F-11D3-BF4B-00C04F79EFBC}") = "Ara3D.G3D", "core\IO\G3D\Ara3D.G3D.csproj", "{05FFA7D1-C107-4ABF-AF95-89522449AD6F}"
EndProject
Project("{FAE04EC0-301F-11D3-BF4B-00C04F79EFBC}") = "Ara3D.VIM", "core\IO\VIM\Ara3D.VIM.csproj", "{BDEF2350-D6DB-4E19-AFE8-D88E86BC112B}"
EndProject
Project("{FAE04EC0-301F-11D3-BF4B-00C04F79EFBC}") = "Ara3D.ScriptService", "core\Scripting\Service\Ara3D.ScriptService.csproj", "{09FD932F-5AD0-465D-B83C-659F05AD8686}"
EndProject
Global
	GlobalSection(SolutionConfigurationPlatforms) = preSolution
		Debug|Any CPU = Debug|Any CPU
		Release|Any CPU = Release|Any CPU
	EndGlobalSection
	GlobalSection(ProjectConfigurationPlatforms) = postSolution
		{D0B232EA-0A66-45A0-B63A-B14F8EB31C87}.Debug|Any CPU.ActiveCfg = Debug|Any CPU
		{D0B232EA-0A66-45A0-B63A-B14F8EB31C87}.Debug|Any CPU.Build.0 = Debug|Any CPU
		{D0B232EA-0A66-45A0-B63A-B14F8EB31C87}.Release|Any CPU.ActiveCfg = Release|Any CPU
		{D0B232EA-0A66-45A0-B63A-B14F8EB31C87}.Release|Any CPU.Build.0 = Release|Any CPU
		{03DFB475-DA29-4490-9FA4-4579222C8399}.Debug|Any CPU.ActiveCfg = Debug|Any CPU
		{03DFB475-DA29-4490-9FA4-4579222C8399}.Debug|Any CPU.Build.0 = Debug|Any CPU
		{03DFB475-DA29-4490-9FA4-4579222C8399}.Release|Any CPU.ActiveCfg = Release|Any CPU
		{03DFB475-DA29-4490-9FA4-4579222C8399}.Release|Any CPU.Build.0 = Release|Any CPU
		{91FF1E2E-D174-4039-B893-0B0CA0BE6EF6}.Debug|Any CPU.ActiveCfg = Debug|Any CPU
		{91FF1E2E-D174-4039-B893-0B0CA0BE6EF6}.Debug|Any CPU.Build.0 = Debug|Any CPU
		{91FF1E2E-D174-4039-B893-0B0CA0BE6EF6}.Release|Any CPU.ActiveCfg = Release|Any CPU
		{91FF1E2E-D174-4039-B893-0B0CA0BE6EF6}.Release|Any CPU.Build.0 = Release|Any CPU
		{920F63D2-51B9-47A4-8E9B-5E72F729A08D}.Debug|Any CPU.ActiveCfg = Debug|Any CPU
		{920F63D2-51B9-47A4-8E9B-5E72F729A08D}.Debug|Any CPU.Build.0 = Debug|Any CPU
		{920F63D2-51B9-47A4-8E9B-5E72F729A08D}.Release|Any CPU.ActiveCfg = Release|Any CPU
		{920F63D2-51B9-47A4-8E9B-5E72F729A08D}.Release|Any CPU.Build.0 = Release|Any CPU
		{ADC485AE-2D40-42AD-AC6D-65A00BB32DFE}.Debug|Any CPU.ActiveCfg = Debug|Any CPU
		{ADC485AE-2D40-42AD-AC6D-65A00BB32DFE}.Debug|Any CPU.Build.0 = Debug|Any CPU
		{ADC485AE-2D40-42AD-AC6D-65A00BB32DFE}.Release|Any CPU.ActiveCfg = Release|Any CPU
		{ADC485AE-2D40-42AD-AC6D-65A00BB32DFE}.Release|Any CPU.Build.0 = Release|Any CPU
		{907293BF-2A0D-4617-9A69-2551C82094EB}.Debug|Any CPU.ActiveCfg = Debug|Any CPU
		{907293BF-2A0D-4617-9A69-2551C82094EB}.Debug|Any CPU.Build.0 = Debug|Any CPU
		{907293BF-2A0D-4617-9A69-2551C82094EB}.Release|Any CPU.ActiveCfg = Release|Any CPU
		{907293BF-2A0D-4617-9A69-2551C82094EB}.Release|Any CPU.Build.0 = Release|Any CPU
		{FD2F2B69-4BBA-4BB9-AF12-9C29AD6FC07D}.Debug|Any CPU.ActiveCfg = Debug|Any CPU
		{FD2F2B69-4BBA-4BB9-AF12-9C29AD6FC07D}.Debug|Any CPU.Build.0 = Debug|Any CPU
		{FD2F2B69-4BBA-4BB9-AF12-9C29AD6FC07D}.Release|Any CPU.ActiveCfg = Release|Any CPU
		{FD2F2B69-4BBA-4BB9-AF12-9C29AD6FC07D}.Release|Any CPU.Build.0 = Release|Any CPU
		{35614498-4E54-42E4-B72F-B4ACBE4E6056}.Debug|Any CPU.ActiveCfg = Debug|Any CPU
		{35614498-4E54-42E4-B72F-B4ACBE4E6056}.Debug|Any CPU.Build.0 = Debug|Any CPU
		{35614498-4E54-42E4-B72F-B4ACBE4E6056}.Release|Any CPU.ActiveCfg = Release|Any CPU
		{35614498-4E54-42E4-B72F-B4ACBE4E6056}.Release|Any CPU.Build.0 = Release|Any CPU
		{5B33B7B8-47A1-4C02-979B-B8C0A624F12B}.Debug|Any CPU.ActiveCfg = Debug|Any CPU
		{5B33B7B8-47A1-4C02-979B-B8C0A624F12B}.Debug|Any CPU.Build.0 = Debug|Any CPU
		{5B33B7B8-47A1-4C02-979B-B8C0A624F12B}.Release|Any CPU.ActiveCfg = Release|Any CPU
		{5B33B7B8-47A1-4C02-979B-B8C0A624F12B}.Release|Any CPU.Build.0 = Release|Any CPU
		{D40F4487-106F-4A3A-A649-F0C0899FBE9E}.Debug|Any CPU.ActiveCfg = Debug|Any CPU
		{D40F4487-106F-4A3A-A649-F0C0899FBE9E}.Debug|Any CPU.Build.0 = Debug|Any CPU
		{D40F4487-106F-4A3A-A649-F0C0899FBE9E}.Release|Any CPU.ActiveCfg = Release|Any CPU
		{D40F4487-106F-4A3A-A649-F0C0899FBE9E}.Release|Any CPU.Build.0 = Release|Any CPU
		{D266A398-8D26-4E28-BC61-E458C2FEC4BA}.Debug|Any CPU.ActiveCfg = Debug|Any CPU
		{D266A398-8D26-4E28-BC61-E458C2FEC4BA}.Debug|Any CPU.Build.0 = Debug|Any CPU
		{D266A398-8D26-4E28-BC61-E458C2FEC4BA}.Release|Any CPU.ActiveCfg = Release|Any CPU
		{D266A398-8D26-4E28-BC61-E458C2FEC4BA}.Release|Any CPU.Build.0 = Release|Any CPU
		{5E3B2A42-5BA5-4C01-B837-C39FEEDF57BD}.Debug|Any CPU.ActiveCfg = Debug|Any CPU
		{5E3B2A42-5BA5-4C01-B837-C39FEEDF57BD}.Debug|Any CPU.Build.0 = Debug|Any CPU
		{5E3B2A42-5BA5-4C01-B837-C39FEEDF57BD}.Release|Any CPU.ActiveCfg = Release|Any CPU
		{5E3B2A42-5BA5-4C01-B837-C39FEEDF57BD}.Release|Any CPU.Build.0 = Release|Any CPU
		{9607C455-10DE-4151-887B-95552DA6662F}.Debug|Any CPU.ActiveCfg = Debug|Any CPU
		{9607C455-10DE-4151-887B-95552DA6662F}.Debug|Any CPU.Build.0 = Debug|Any CPU
		{9607C455-10DE-4151-887B-95552DA6662F}.Release|Any CPU.ActiveCfg = Release|Any CPU
		{9607C455-10DE-4151-887B-95552DA6662F}.Release|Any CPU.Build.0 = Release|Any CPU
		{1CDE3695-4B5B-40D6-911A-0169383DD4D5}.Debug|Any CPU.ActiveCfg = Debug|Any CPU
		{1CDE3695-4B5B-40D6-911A-0169383DD4D5}.Debug|Any CPU.Build.0 = Debug|Any CPU
		{1CDE3695-4B5B-40D6-911A-0169383DD4D5}.Release|Any CPU.ActiveCfg = Release|Any CPU
		{1CDE3695-4B5B-40D6-911A-0169383DD4D5}.Release|Any CPU.Build.0 = Release|Any CPU
		{7D4F9423-F577-400C-A0B5-CF03E8BCC3A5}.Debug|Any CPU.ActiveCfg = Debug|Any CPU
		{7D4F9423-F577-400C-A0B5-CF03E8BCC3A5}.Debug|Any CPU.Build.0 = Debug|Any CPU
		{7D4F9423-F577-400C-A0B5-CF03E8BCC3A5}.Release|Any CPU.ActiveCfg = Release|Any CPU
		{7D4F9423-F577-400C-A0B5-CF03E8BCC3A5}.Release|Any CPU.Build.0 = Release|Any CPU
		{B1EDBF31-92F9-43D4-BCF3-4085ACFE5E33}.Debug|Any CPU.ActiveCfg = Debug|Any CPU
		{B1EDBF31-92F9-43D4-BCF3-4085ACFE5E33}.Debug|Any CPU.Build.0 = Debug|Any CPU
		{B1EDBF31-92F9-43D4-BCF3-4085ACFE5E33}.Release|Any CPU.ActiveCfg = Release|Any CPU
		{B1EDBF31-92F9-43D4-BCF3-4085ACFE5E33}.Release|Any CPU.Build.0 = Release|Any CPU
		{E107A3E5-7BE8-4FB9-A8BF-68E0A9A52152}.Debug|Any CPU.ActiveCfg = Debug|Any CPU
		{E107A3E5-7BE8-4FB9-A8BF-68E0A9A52152}.Debug|Any CPU.Build.0 = Debug|Any CPU
		{E107A3E5-7BE8-4FB9-A8BF-68E0A9A52152}.Release|Any CPU.ActiveCfg = Release|Any CPU
		{E107A3E5-7BE8-4FB9-A8BF-68E0A9A52152}.Release|Any CPU.Build.0 = Release|Any CPU
		{56C09C1A-8FF7-48DF-AA9D-0C05D6F89FF0}.Debug|Any CPU.ActiveCfg = Debug|Any CPU
		{56C09C1A-8FF7-48DF-AA9D-0C05D6F89FF0}.Debug|Any CPU.Build.0 = Debug|Any CPU
		{56C09C1A-8FF7-48DF-AA9D-0C05D6F89FF0}.Release|Any CPU.ActiveCfg = Release|Any CPU
		{56C09C1A-8FF7-48DF-AA9D-0C05D6F89FF0}.Release|Any CPU.Build.0 = Release|Any CPU
		{593FF565-7F27-48A1-B0FF-C11F9B130B99}.Debug|Any CPU.ActiveCfg = Debug|Any CPU
		{593FF565-7F27-48A1-B0FF-C11F9B130B99}.Debug|Any CPU.Build.0 = Debug|Any CPU
		{593FF565-7F27-48A1-B0FF-C11F9B130B99}.Release|Any CPU.ActiveCfg = Release|Any CPU
		{593FF565-7F27-48A1-B0FF-C11F9B130B99}.Release|Any CPU.Build.0 = Release|Any CPU
		{05FFA7D1-C107-4ABF-AF95-89522449AD6F}.Debug|Any CPU.ActiveCfg = Debug|Any CPU
		{05FFA7D1-C107-4ABF-AF95-89522449AD6F}.Debug|Any CPU.Build.0 = Debug|Any CPU
		{05FFA7D1-C107-4ABF-AF95-89522449AD6F}.Release|Any CPU.ActiveCfg = Release|Any CPU
		{05FFA7D1-C107-4ABF-AF95-89522449AD6F}.Release|Any CPU.Build.0 = Release|Any CPU
		{BDEF2350-D6DB-4E19-AFE8-D88E86BC112B}.Debug|Any CPU.ActiveCfg = Debug|Any CPU
		{BDEF2350-D6DB-4E19-AFE8-D88E86BC112B}.Debug|Any CPU.Build.0 = Debug|Any CPU
		{BDEF2350-D6DB-4E19-AFE8-D88E86BC112B}.Release|Any CPU.ActiveCfg = Release|Any CPU
		{BDEF2350-D6DB-4E19-AFE8-D88E86BC112B}.Release|Any CPU.Build.0 = Release|Any CPU
		{09FD932F-5AD0-465D-B83C-659F05AD8686}.Debug|Any CPU.ActiveCfg = Debug|Any CPU
		{09FD932F-5AD0-465D-B83C-659F05AD8686}.Debug|Any CPU.Build.0 = Debug|Any CPU
		{09FD932F-5AD0-465D-B83C-659F05AD8686}.Release|Any CPU.ActiveCfg = Release|Any CPU
		{09FD932F-5AD0-465D-B83C-659F05AD8686}.Release|Any CPU.Build.0 = Release|Any CPU
	EndGlobalSection
	GlobalSection(SolutionProperties) = preSolution
		HideSolutionNode = FALSE
	EndGlobalSection
	GlobalSection(NestedProjects) = preSolution
		{20B8C211-5E59-496D-84D4-C59994828A7D} = {6F8BA463-7C7E-43FF-9B29-972780ACA32B}
		{D0B232EA-0A66-45A0-B63A-B14F8EB31C87} = {20B8C211-5E59-496D-84D4-C59994828A7D}
		{2FD60755-FEC2-4087-8EEC-0141CBB28AFD} = {6F8BA463-7C7E-43FF-9B29-972780ACA32B}
		{03DFB475-DA29-4490-9FA4-4579222C8399} = {2FD60755-FEC2-4087-8EEC-0141CBB28AFD}
		{91FF1E2E-D174-4039-B893-0B0CA0BE6EF6} = {6F8BA463-7C7E-43FF-9B29-972780ACA32B}
		{11E76529-B973-4F32-A2E2-F63DD9B22417} = {6F8BA463-7C7E-43FF-9B29-972780ACA32B}
		{920F63D2-51B9-47A4-8E9B-5E72F729A08D} = {11E76529-B973-4F32-A2E2-F63DD9B22417}
		{ADC485AE-2D40-42AD-AC6D-65A00BB32DFE} = {11E76529-B973-4F32-A2E2-F63DD9B22417}
		{907293BF-2A0D-4617-9A69-2551C82094EB} = {11E76529-B973-4F32-A2E2-F63DD9B22417}
		{A4454430-9900-4AA3-8A48-C4C48FF5A648} = {6F8BA463-7C7E-43FF-9B29-972780ACA32B}
		{FD2F2B69-4BBA-4BB9-AF12-9C29AD6FC07D} = {A4454430-9900-4AA3-8A48-C4C48FF5A648}
		{35614498-4E54-42E4-B72F-B4ACBE4E6056} = {A4454430-9900-4AA3-8A48-C4C48FF5A648}
		{93059313-3FF2-4EDB-A9B3-6144912D66EB} = {A4454430-9900-4AA3-8A48-C4C48FF5A648}
		{5B33B7B8-47A1-4C02-979B-B8C0A624F12B} = {93059313-3FF2-4EDB-A9B3-6144912D66EB}
		{D40F4487-106F-4A3A-A649-F0C0899FBE9E} = {A4454430-9900-4AA3-8A48-C4C48FF5A648}
		{D266A398-8D26-4E28-BC61-E458C2FEC4BA} = {A4454430-9900-4AA3-8A48-C4C48FF5A648}
		{9F929968-009E-49AB-BAE9-203BCFC565A3} = {A4454430-9900-4AA3-8A48-C4C48FF5A648}
		{1F13FB85-3985-48EC-83BC-5335A83A21D5} = {9F929968-009E-49AB-BAE9-203BCFC565A3}
		{5E3B2A42-5BA5-4C01-B837-C39FEEDF57BD} = {9F929968-009E-49AB-BAE9-203BCFC565A3}
		{9607C455-10DE-4151-887B-95552DA6662F} = {A4454430-9900-4AA3-8A48-C4C48FF5A648}
		{D7DAD3D7-2A9C-43D3-BA2E-5099FC3136D1} = {A4454430-9900-4AA3-8A48-C4C48FF5A648}
		{1CDE3695-4B5B-40D6-911A-0169383DD4D5} = {D7DAD3D7-2A9C-43D3-BA2E-5099FC3136D1}
		{7D4F9423-F577-400C-A0B5-CF03E8BCC3A5} = {D7DAD3D7-2A9C-43D3-BA2E-5099FC3136D1}
		{B1EDBF31-92F9-43D4-BCF3-4085ACFE5E33} = {A4454430-9900-4AA3-8A48-C4C48FF5A648}
		{E107A3E5-7BE8-4FB9-A8BF-68E0A9A52152} = {A4454430-9900-4AA3-8A48-C4C48FF5A648}
		{56C09C1A-8FF7-48DF-AA9D-0C05D6F89FF0} = {A4454430-9900-4AA3-8A48-C4C48FF5A648}
		{593FF565-7F27-48A1-B0FF-C11F9B130B99} = {D7DAD3D7-2A9C-43D3-BA2E-5099FC3136D1}
		{05FFA7D1-C107-4ABF-AF95-89522449AD6F} = {D7DAD3D7-2A9C-43D3-BA2E-5099FC3136D1}
		{BDEF2350-D6DB-4E19-AFE8-D88E86BC112B} = {D7DAD3D7-2A9C-43D3-BA2E-5099FC3136D1}
		{09FD932F-5AD0-465D-B83C-659F05AD8686} = {93059313-3FF2-4EDB-A9B3-6144912D66EB}
	EndGlobalSection
	GlobalSection(SharedMSBuildProjectFiles) = preSolution
		core\Mathematics\Intrinsics\Plato.Intrinsics.projitems*{1f13fb85-3985-48ec-83bc-5335a83a21d5}*SharedItemsImports = 13
		core\Mathematics\Intrinsics\Plato.Intrinsics.projitems*{5e3b2a42-5ba5-4c01-b837-c39feedf57bd}*SharedItemsImports = 5
	EndGlobalSection
EndGlobal
